// !$*UTF8*$!
{
	archiveVersion = 1;
	classes = {
	};
	objectVersion = 77;
	objects = {

/* Begin PBXBuildFile section */
		26C5B80F64EC27BBB3EB5D0D /* Swift Learn Watch Widgets.appex in Embed Foundation Extensions */ = {isa = PBXBuildFile; fileRef = F4EBD237D1C2168A525478F0 /* Swift Learn Watch Widgets.appex */; };
		2F3C82ACB19B221FE21E44D2 /* WatchWidgetPresentation.swift in Sources */ = {isa = PBXBuildFile; fileRef = 9B4057EBE7359703562E5699 /* WatchWidgetPresentation.swift */; };
		603FBE380AEB4658B6E5C100 /* Foundation.framework in Frameworks */ = {isa = PBXBuildFile; fileRef = C374BE3DFEC60EC639A5F2AA /* Foundation.framework */; };
		61C4C13D38CAB5436812AFAB /* SwiftLearnWatchWidgets.swift in Sources */ = {isa = PBXBuildFile; fileRef = F032EF7ECAE153A276CA4C84 /* SwiftLearnWatchWidgets.swift */; };
		91EE35661D532A5ADF6CC361 /* WatchLearningSnapshot.swift in Sources */ = {isa = PBXBuildFile; fileRef = 26AC445BFBBC39B5F2BF0331 /* WatchLearningSnapshot.swift */; };
		98694FC5D5CE40EF91476AB6 /* SharedWatchSnapshotStore.swift in Sources */ = {isa = PBXBuildFile; fileRef = 2414A9EC431A3B3A681EC909 /* SharedWatchSnapshotStore.swift */; };
		A10000000000000000000002 /* Swift Learn/Data/Content/swift-6.4-beta-foundations.json in Resources */ = {isa = PBXBuildFile; fileRef = A10000000000000000000001 /* Swift Learn/Data/Content/swift-6.4-beta-foundations.json */; };
		A20000000000000000000002 /* Resources/LaunchScreen.storyboard in Resources */ = {isa = PBXBuildFile; fileRef = A20000000000000000000001 /* Resources/LaunchScreen.storyboard */; platformFilter = ios; };
		B10000000000000000000001 /* Swift Learn Watch App.app in Embed Watch Content */ = {isa = PBXBuildFile; fileRef = B10000000000000000000002 /* Swift Learn Watch App.app */; platformFilter = ios; settings = {ATTRIBUTES = (RemoveHeadersOnCopy, ); }; };
		F517DE12A085CF68E3F0AF80 /* WatchLearningSnapshotWireFormat.swift in Sources */ = {isa = PBXBuildFile; fileRef = 6D4B24ACA46D1CE6FC401BC5 /* WatchLearningSnapshotWireFormat.swift */; };
/* End PBXBuildFile section */

/* Begin PBXContainerItemProxy section */
		37B77A4C3031B1C1002E2BAD /* PBXContainerItemProxy */ = {
			isa = PBXContainerItemProxy;
			containerPortal = 37B77A343031B1C0002E2BAD /* Project object */;
			proxyType = 1;
			remoteGlobalIDString = 37B77A3B3031B1C0002E2BAD;
			remoteInfo = "Swift Learn";
		};
		37B77A563031B1C1002E2BAD /* PBXContainerItemProxy */ = {
			isa = PBXContainerItemProxy;
			containerPortal = 37B77A343031B1C0002E2BAD /* Project object */;
			proxyType = 1;
			remoteGlobalIDString = 37B77A3B3031B1C0002E2BAD;
			remoteInfo = "Swift Learn";
		};
		B10000000000000000000031 /* PBXContainerItemProxy */ = {
			isa = PBXContainerItemProxy;
			containerPortal = 37B77A343031B1C0002E2BAD /* Project object */;
			proxyType = 1;
			remoteGlobalIDString = B10000000000000000000010;
			remoteInfo = "Swift Learn Watch App";
		};
		B10000000000000000000032 /* PBXContainerItemProxy */ = {
			isa = PBXContainerItemProxy;
			containerPortal = 37B77A343031B1C0002E2BAD /* Project object */;
			proxyType = 1;
			remoteGlobalIDString = B10000000000000000000010;
			remoteInfo = "Swift Learn Watch App";
		};
		B10000000000000000000033 /* PBXContainerItemProxy */ = {
			isa = PBXContainerItemProxy;
			containerPortal = 37B77A343031B1C0002E2BAD /* Project object */;
			proxyType = 1;
			remoteGlobalIDString = B10000000000000000000010;
			remoteInfo = "Swift Learn Watch App";
		};
		F6DF6B124D4E2BE94FAF1047 /* PBXContainerItemProxy */ = {
			isa = PBXContainerItemProxy;
			containerPortal = 37B77A343031B1C0002E2BAD /* Project object */;
			proxyType = 1;
			remoteGlobalIDString = 5A0D2EBC2F400CF8B605EB2C;
			remoteInfo = "Swift Learn Watch Widgets";
		};
/* End PBXContainerItemProxy section */

/* Begin PBXCopyFilesBuildPhase section */
		B10000000000000000000030 /* Embed Watch Content */ = {
			isa = PBXCopyFilesBuildPhase;
			buildActionMask = 2147483647;
			dstPath = "$(CONTENTS_FOLDER_PATH)/Watch";
			dstSubfolderSpec = 16;
			files = (
				B10000000000000000000001 /* Swift Learn Watch App.app in Embed Watch Content */,
			);
			name = "Embed Watch Content";
			runOnlyForDeploymentPostprocessing = 0;
		};
		E487F0578358E37253AFF46C /* Embed Foundation Extensions */ = {
			isa = PBXCopyFilesBuildPhase;
			buildActionMask = 2147483647;
			dstPath = "";
			dstSubfolderSpec = 13;
			files = (
				26C5B80F64EC27BBB3EB5D0D /* Swift Learn Watch Widgets.appex in Embed Foundation Extensions */,
			);
			name = "Embed Foundation Extensions";
			runOnlyForDeploymentPostprocessing = 0;
		};
/* End PBXCopyFilesBuildPhase section */

/* Begin PBXFileReference section */
		2414A9EC431A3B3A681EC909 /* SharedWatchSnapshotStore.swift */ = {isa = PBXFileReference; includeInIndex = 1; lastKnownFileType = sourcecode.swift; name = SharedWatchSnapshotStore.swift; path = "Swift Learn Watch App/Data/SharedWatchSnapshotStore.swift"; sourceTree = "<group>"; };
		26AC445BFBBC39B5F2BF0331 /* WatchLearningSnapshot.swift */ = {isa = PBXFileReference; includeInIndex = 1; lastKnownFileType = sourcecode.swift; name = WatchLearningSnapshot.swift; path = "Swift Learn Shared/Domain/Watch/WatchLearningSnapshot.swift"; sourceTree = "<group>"; };
		37B77A3C3031B1C0002E2BAD /* Swift Learn.app */ = {isa = PBXFileReference; explicitFileType = wrapper.application; includeInIndex = 0; path = "Swift Learn.app"; sourceTree = BUILT_PRODUCTS_DIR; };
		37B77A4B3031B1C1002E2BAD /* Swift LearnTests.xctest */ = {isa = PBXFileReference; explicitFileType = wrapper.cfbundle; includeInIndex = 0; path = "Swift LearnTests.xctest"; sourceTree = BUILT_PRODUCTS_DIR; };
		37B77A553031B1C1002E2BAD /* Swift LearnUITests.xctest */ = {isa = PBXFileReference; explicitFileType = wrapper.cfbundle; includeInIndex = 0; path = "Swift LearnUITests.xctest"; sourceTree = BUILT_PRODUCTS_DIR; };
		38139CA0CAC56D0726F51217 /* Info.plist */ = {isa = PBXFileReference; includeInIndex = 1; lastKnownFileType = text.plist.xml; name = Info.plist; path = "Swift Learn Watch Widgets/Info.plist"; sourceTree = "<group>"; };
		459A122A22FFF23782247D14 /* WatchQuickReview.swift */ = {isa = PBXFileReference; includeInIndex = 1; lastKnownFileType = sourcecode.swift; name = WatchQuickReview.swift; path = "Swift Learn Shared/Domain/Watch/WatchQuickReview.swift"; sourceTree = "<group>"; };
		6D4B24ACA46D1CE6FC401BC5 /* WatchLearningSnapshotWireFormat.swift */ = {isa = PBXFileReference; includeInIndex = 1; lastKnownFileType = sourcecode.swift; name = WatchLearningSnapshotWireFormat.swift; path = "Swift Learn Shared/Data/Watch/WatchLearningSnapshotWireFormat.swift"; sourceTree = "<group>"; };
		9B4057EBE7359703562E5699 /* WatchWidgetPresentation.swift */ = {isa = PBXFileReference; includeInIndex = 1; lastKnownFileType = sourcecode.swift; name = WatchWidgetPresentation.swift; path = "Swift Learn Watch App/Presentation/WatchWidgetPresentation.swift"; sourceTree = "<group>"; };
		A10000000000000000000001 /* Swift Learn/Data/Content/swift-6.4-beta-foundations.json */ = {isa = PBXFileReference; lastKnownFileType = text.json; path = "Swift Learn/Data/Content/swift-6.4-beta-foundations.json"; sourceTree = SOURCE_ROOT; };
		A20000000000000000000001 /* Resources/LaunchScreen.storyboard */ = {isa = PBXFileReference; lastKnownFileType = file.storyboard; path = Resources/LaunchScreen.storyboard; sourceTree = SOURCE_ROOT; };
		B10000000000000000000002 /* Swift Learn Watch App.app */ = {isa = PBXFileReference; explicitFileType = wrapper.application; includeInIndex = 0; path = "Swift Learn Watch App.app"; sourceTree = BUILT_PRODUCTS_DIR; };
		B10000000000000000000003 /* Swift Learn Watch AppTests.xctest */ = {isa = PBXFileReference; explicitFileType = wrapper.cfbundle; includeInIndex = 0; path = "Swift Learn Watch AppTests.xctest"; sourceTree = BUILT_PRODUCTS_DIR; };
		B10000000000000000000004 /* Swift Learn Watch AppUITests.xctest */ = {isa = PBXFileReference; explicitFileType = wrapper.cfbundle; includeInIndex = 0; path = "Swift Learn Watch AppUITests.xctest"; sourceTree = BUILT_PRODUCTS_DIR; };
		C374BE3DFEC60EC639A5F2AA /* Foundation.framework */ = {isa = PBXFileReference; lastKnownFileType = wrapper.framework; name = Foundation.framework; path = Platforms/WatchOS.platform/Developer/SDKs/WatchOS11.0.sdk/System/Library/Frameworks/Foundation.framework; sourceTree = DEVELOPER_DIR; };
		F032EF7ECAE153A276CA4C84 /* SwiftLearnWatchWidgets.swift */ = {isa = PBXFileReference; includeInIndex = 1; lastKnownFileType = sourcecode.swift; name = SwiftLearnWatchWidgets.swift; path = "Swift Learn Watch Widgets/SwiftLearnWatchWidgets.swift"; sourceTree = "<group>"; };
		F4EBD237D1C2168A525478F0 /* Swift Learn Watch Widgets.appex */ = {isa = PBXFileReference; explicitFileType = "wrapper.app-extension"; includeInIndex = 0; path = "Swift Learn Watch Widgets.appex"; sourceTree = BUILT_PRODUCTS_DIR; };
		FBA8018471A97A0DD30B3CB4 /* SwiftLearnWatchWidgets.entitlements */ = {isa = PBXFileReference; includeInIndex = 1; lastKnownFileType = text.plist.entitlements; name = SwiftLearnWatchWidgets.entitlements; path = "Swift Learn Watch Widgets/SwiftLearnWatchWidgets.entitlements"; sourceTree = "<group>"; };
/* End PBXFileReference section */

/* Begin PBXFileSystemSynchronizedRootGroup section */
		37B77A3E3031B1C0002E2BAD /* Swift Learn */ = {
			isa = PBXFileSystemSynchronizedRootGroup;
			path = "Swift Learn";
			sourceTree = "<group>";
		};
		37B77A4E3031B1C1002E2BAD /* Swift LearnTests */ = {
			isa = PBXFileSystemSynchronizedRootGroup;
			path = "Swift LearnTests";
			sourceTree = "<group>";
		};
		37B77A583031B1C1002E2BAD /* Swift LearnUITests */ = {
			isa = PBXFileSystemSynchronizedRootGroup;
			path = "Swift LearnUITests";
			sourceTree = "<group>";
		};
		B10000000000000000000005 /* Swift Learn Shared */ = {
			isa = PBXFileSystemSynchronizedRootGroup;
			path = "Swift Learn Shared";
			sourceTree = "<group>";
		};
		B10000000000000000000006 /* Swift Learn Watch App */ = {
			isa = PBXFileSystemSynchronizedRootGroup;
			path = "Swift Learn Watch App";
			sourceTree = "<group>";
		};
		B10000000000000000000007 /* Swift Learn Watch AppTests */ = {
			isa = PBXFileSystemSynchronizedRootGroup;
			path = "Swift Learn Watch AppTests";
			sourceTree = "<group>";
		};
		B10000000000000000000008 /* Swift Learn Watch AppUITests */ = {
			isa = PBXFileSystemSynchronizedRootGroup;
			path = "Swift Learn Watch AppUITests";
			sourceTree = "<group>";
		};
/* End PBXFileSystemSynchronizedRootGroup section */

/* Begin PBXFrameworksBuildPhase section */
		37B77A393031B1C0002E2BAD /* Frameworks */ = {
			isa = PBXFrameworksBuildPhase;
			buildActionMask = 2147483647;
			files = (
			);
			runOnlyForDeploymentPostprocessing = 0;
		};
		37B77A483031B1C1002E2BAD /* Frameworks */ = {
			isa = PBXFrameworksBuildPhase;
			buildActionMask = 2147483647;
			files = (
			);
			runOnlyForDeploymentPostprocessing = 0;
		};
		37B77A523031B1C1002E2BAD /* Frameworks */ = {
			isa = PBXFrameworksBuildPhase;
			buildActionMask = 2147483647;
			files = (
			);
			runOnlyForDeploymentPostprocessing = 0;
		};
		B10000000000000000000011 /* Frameworks */ = {
			isa = PBXFrameworksBuildPhase;
			buildActionMask = 2147483647;
			files = (
			);
			runOnlyForDeploymentPostprocessing = 0;
		};
		B10000000000000000000012 /* Frameworks */ = {
			isa = PBXFrameworksBuildPhase;
			buildActionMask = 2147483647;
			files = (
			);
			runOnlyForDeploymentPostprocessing = 0;
		};
		B10000000000000000000013 /* Frameworks */ = {
			isa = PBXFrameworksBuildPhase;
			buildActionMask = 2147483647;
			files = (
			);
			runOnlyForDeploymentPostprocessing = 0;
		};
		F55170940BC502E6CC7904FA /* Frameworks */ = {
			isa = PBXFrameworksBuildPhase;
			buildActionMask = 2147483647;
			files = (
				603FBE380AEB4658B6E5C100 /* Foundation.framework in Frameworks */,
			);
			runOnlyForDeploymentPostprocessing = 0;
		};
/* End PBXFrameworksBuildPhase section */

/* Begin PBXGroup section */
		37B77A333031B1C0002E2BAD = {
			isa = PBXGroup;
			children = (
				A10000000000000000000001 /* Swift Learn/Data/Content/swift-6.4-beta-foundations.json */,
				A20000000000000000000001 /* Resources/LaunchScreen.storyboard */,
				37B77A3E3031B1C0002E2BAD /* Swift Learn */,
				37B77A4E3031B1C1002E2BAD /* Swift LearnTests */,
				37B77A583031B1C1002E2BAD /* Swift LearnUITests */,
				B10000000000000000000005 /* Swift Learn Shared */,
				B10000000000000000000006 /* Swift Learn Watch App */,
				B10000000000000000000007 /* Swift Learn Watch AppTests */,
				B10000000000000000000008 /* Swift Learn Watch AppUITests */,
				37B77A3D3031B1C0002E2BAD /* Products */,
				5A3D92FE47CBEC2B35D48635 /* Frameworks */,
				808EC1C659E299C0CFD3892E /* Swift Learn Watch Widgets */,
			);
			sourceTree = "<group>";
		};
		37B77A3D3031B1C0002E2BAD /* Products */ = {
			isa = PBXGroup;
			children = (
				37B77A3C3031B1C0002E2BAD /* Swift Learn.app */,
				37B77A4B3031B1C1002E2BAD /* Swift LearnTests.xctest */,
				37B77A553031B1C1002E2BAD /* Swift LearnUITests.xctest */,
				B10000000000000000000002 /* Swift Learn Watch App.app */,
				B10000000000000000000003 /* Swift Learn Watch AppTests.xctest */,
				B10000000000000000000004 /* Swift Learn Watch AppUITests.xctest */,
				F4EBD237D1C2168A525478F0 /* Swift Learn Watch Widgets.appex */,
			);
			name = Products;
			sourceTree = "<group>";
		};
		5A3D92FE47CBEC2B35D48635 /* Frameworks */ = {
			isa = PBXGroup;
			children = (
				908BDFE3456747E40FA16F18 /* watchOS */,
			);
			name = Frameworks;
			sourceTree = "<group>";
		};
		808EC1C659E299C0CFD3892E /* Swift Learn Watch Widgets */ = {
			isa = PBXGroup;
			children = (
				F032EF7ECAE153A276CA4C84 /* SwiftLearnWatchWidgets.swift */,
				9B4057EBE7359703562E5699 /* WatchWidgetPresentation.swift */,
				2414A9EC431A3B3A681EC909 /* SharedWatchSnapshotStore.swift */,
				26AC445BFBBC39B5F2BF0331 /* WatchLearningSnapshot.swift */,
				459A122A22FFF23782247D14 /* WatchQuickReview.swift */,
				6D4B24ACA46D1CE6FC401BC5 /* WatchLearningSnapshotWireFormat.swift */,
				38139CA0CAC56D0726F51217 /* Info.plist */,
				FBA8018471A97A0DD30B3CB4 /* SwiftLearnWatchWidgets.entitlements */,
			);
			name = "Swift Learn Watch Widgets";
			sourceTree = SOURCE_ROOT;
		};
		908BDFE3456747E40FA16F18 /* watchOS */ = {
			isa = PBXGroup;
			children = (
				C374BE3DFEC60EC639A5F2AA /* Foundation.framework */,
			);
			name = watchOS;
			sourceTree = "<group>";
		};
/* End PBXGroup section */

/* Begin PBXNativeTarget section */
		37B77A3B3031B1C0002E2BAD /* Swift Learn */ = {
			isa = PBXNativeTarget;
			buildConfigurationList = 37B77A5F3031B1C1002E2BAD /* Build configuration list for PBXNativeTarget "Swift Learn" */;
			buildPhases = (
				37B77A383031B1C0002E2BAD /* Sources */,
				37B77A393031B1C0002E2BAD /* Frameworks */,
				37B77A3A3031B1C0002E2BAD /* Resources */,
				B10000000000000000000030 /* Embed Watch Content */,
			);
			buildRules = (
			);
			dependencies = (
				B10000000000000000000034 /* PBXTargetDependency */,
			);
			fileSystemSynchronizedGroups = (
				37B77A3E3031B1C0002E2BAD /* Swift Learn */,
				B10000000000000000000005 /* Swift Learn Shared */,
			);
			name = "Swift Learn";
			productName = "Swift Learn";
			productReference = 37B77A3C3031B1C0002E2BAD /* Swift Learn.app */;
			productType = "com.apple.product-type.application";
		};
		37B77A4A3031B1C1002E2BAD /* Swift LearnTests */ = {
			isa = PBXNativeTarget;
			buildConfigurationList = 37B77A623031B1C1002E2BAD /* Build configuration list for PBXNativeTarget "Swift LearnTests" */;
			buildPhases = (
				37B77A473031B1C1002E2BAD /* Sources */,
				37B77A483031B1C1002E2BAD /* Frameworks */,
				37B77A493031B1C1002E2BAD /* Resources */,
			);
			buildRules = (
			);
			dependencies = (
				37B77A4D3031B1C1002E2BAD /* PBXTargetDependency */,
			);
			fileSystemSynchronizedGroups = (
				37B77A4E3031B1C1002E2BAD /* Swift LearnTests */,
			);
			name = "Swift LearnTests";
			productName = "Swift LearnTests";
			productReference = 37B77A4B3031B1C1002E2BAD /* Swift LearnTests.xctest */;
			productType = "com.apple.product-type.bundle.unit-test";
		};
		37B77A543031B1C1002E2BAD /* Swift LearnUITests */ = {
			isa = PBXNativeTarget;
			buildConfigurationList = 37B77A653031B1C1002E2BAD /* Build configuration list for PBXNativeTarget "Swift LearnUITests" */;
			buildPhases = (
				37B77A513031B1C1002E2BAD /* Sources */,
				37B77A523031B1C1002E2BAD /* Frameworks */,
				37B77A533031B1C1002E2BAD /* Resources */,
			);
			buildRules = (
			);
			dependencies = (
				37B77A573031B1C1002E2BAD /* PBXTargetDependency */,
			);
			fileSystemSynchronizedGroups = (
				37B77A583031B1C1002E2BAD /* Swift LearnUITests */,
			);
			name = "Swift LearnUITests";
			productName = "Swift LearnUITests";
			productReference = 37B77A553031B1C1002E2BAD /* Swift LearnUITests.xctest */;
			productType = "com.apple.product-type.bundle.ui-testing";
		};
		5A0D2EBC2F400CF8B605EB2C /* Swift Learn Watch Widgets */ = {
			isa = PBXNativeTarget;
			buildConfigurationList = D55283894F60D8C100FB6882 /* Build configuration list for PBXNativeTarget "Swift Learn Watch Widgets" */;
			buildPhases = (
				CE6B8810A0B2FAA648EEF3E3 /* Sources */,
				F55170940BC502E6CC7904FA /* Frameworks */,
				9F0DF034EBB98D62F57D09D4 /* Resources */,
			);
			buildRules = (
			);
			dependencies = (
			);
			name = "Swift Learn Watch Widgets";
			productName = "Swift Learn Watch Widgets";
			productReference = F4EBD237D1C2168A525478F0 /* Swift Learn Watch Widgets.appex */;
			productType = "com.apple.product-type.app-extension";
		};
		B10000000000000000000010 /* Swift Learn Watch App */ = {
			isa = PBXNativeTarget;
			buildConfigurationList = B10000000000000000000020 /* Build configuration list for PBXNativeTarget "Swift Learn Watch App" */;
			buildPhases = (
				B10000000000000000000014 /* Sources */,
				B10000000000000000000011 /* Frameworks */,
				B10000000000000000000017 /* Resources */,
				E487F0578358E37253AFF46C /* Embed Foundation Extensions */,
			);
			buildRules = (
			);
			dependencies = (
				A6B84DC3181F25BC169C2540 /* PBXTargetDependency */,
			);
			fileSystemSynchronizedGroups = (
				B10000000000000000000005 /* Swift Learn Shared */,
				B10000000000000000000006 /* Swift Learn Watch App */,
			);
			name = "Swift Learn Watch App";
			productName = "Swift Learn Watch App";
			productReference = B10000000000000000000002 /* Swift Learn Watch App.app */;
			productType = "com.apple.product-type.application";
		};
		B10000000000000000000015 /* Swift Learn Watch AppTests */ = {
			isa = PBXNativeTarget;
			buildConfigurationList = B10000000000000000000021 /* Build configuration list for PBXNativeTarget "Swift Learn Watch AppTests" */;
			buildPhases = (
				B10000000000000000000016 /* Sources */,
				B10000000000000000000012 /* Frameworks */,
				B10000000000000000000018 /* Resources */,
			);
			buildRules = (
			);
			dependencies = (
				B10000000000000000000035 /* PBXTargetDependency */,
			);
			fileSystemSynchronizedGroups = (
				B10000000000000000000007 /* Swift Learn Watch AppTests */,
			);
			name = "Swift Learn Watch AppTests";
			productName = "Swift Learn Watch AppTests";
			productReference = B10000000000000000000003 /* Swift Learn Watch AppTests.xctest */;
			productType = "com.apple.product-type.bundle.unit-test";
		};
		B10000000000000000000019 /* Swift Learn Watch AppUITests */ = {
			isa = PBXNativeTarget;
			buildConfigurationList = B10000000000000000000022 /* Build configuration list for PBXNativeTarget "Swift Learn Watch AppUITests" */;
			buildPhases = (
				B10000000000000000000023 /* Sources */,
				B10000000000000000000013 /* Frameworks */,
				B10000000000000000000024 /* Resources */,
			);
			buildRules = (
			);
			dependencies = (
				B10000000000000000000036 /* PBXTargetDependency */,
			);
			fileSystemSynchronizedGroups = (
				B10000000000000000000008 /* Swift Learn Watch AppUITests */,
			);
			name = "Swift Learn Watch AppUITests";
			productName = "Swift Learn Watch AppUITests";
			productReference = B10000000000000000000004 /* Swift Learn Watch AppUITests.xctest */;
			productType = "com.apple.product-type.bundle.ui-testing";
		};
/* End PBXNativeTarget section */

/* Begin PBXProject section */
		37B77A343031B1C0002E2BAD /* Project object */ = {
			isa = PBXProject;
			attributes = {
				BuildIndependentTargetsInParallel = 1;
				LastSwiftUpdateCheck = 2660;
				LastUpgradeCheck = 2660;
				TargetAttributes = {
					37B77A3B3031B1C0002E2BAD = {
						CreatedOnToolsVersion = 26.6;
					};
					37B77A4A3031B1C1002E2BAD = {
						CreatedOnToolsVersion = 26.6;
						TestTargetID = 37B77A3B3031B1C0002E2BAD;
					};
					37B77A543031B1C1002E2BAD = {
						CreatedOnToolsVersion = 26.6;
						TestTargetID = 37B77A3B3031B1C0002E2BAD;
					};
					B10000000000000000000010 = {
						CreatedOnToolsVersion = 26.6;
					};
					B10000000000000000000015 = {
						CreatedOnToolsVersion = 26.6;
						TestTargetID = B10000000000000000000010;
					};
					B10000000000000000000019 = {
						CreatedOnToolsVersion = 26.6;
						TestTargetID = B10000000000000000000010;
					};
				};
			};
			buildConfigurationList = 37B77A373031B1C0002E2BAD /* Build configuration list for PBXProject "Swift Learn" */;
			developmentRegion = en;
			hasScannedForEncodings = 0;
			knownRegions = (
				en,
				Base,
			);
			mainGroup = 37B77A333031B1C0002E2BAD;
			minimizedProjectReferenceProxies = 1;
			preferredProjectObjectVersion = 77;
			productRefGroup = 37B77A3D3031B1C0002E2BAD /* Products */;
			projectDirPath = "";
			projectRoot = "";
			targets = (
				37B77A3B3031B1C0002E2BAD /* Swift Learn */,
				37B77A4A3031B1C1002E2BAD /* Swift LearnTests */,
				37B77A543031B1C1002E2BAD /* Swift LearnUITests */,
				B10000000000000000000010 /* Swift Learn Watch App */,
				B10000000000000000000015 /* Swift Learn Watch AppTests */,
				B10000000000000000000019 /* Swift Learn Watch AppUITests */,
				5A0D2EBC2F400CF8B605EB2C /* Swift Learn Watch Widgets */,
			);
		};
/* End PBXProject section */

/* Begin PBXResourcesBuildPhase section */
		37B77A3A3031B1C0002E2BAD /* Resources */ = {
			isa = PBXResourcesBuildPhase;
			buildActionMask = 2147483647;
			files = (
				A20000000000000000000002 /* Resources/LaunchScreen.storyboard in Resources */,
			);
			runOnlyForDeploymentPostprocessing = 0;
		};
		37B77A493031B1C1002E2BAD /* Resources */ = {
			isa = PBXResourcesBuildPhase;
			buildActionMask = 2147483647;
			files = (
			);
			runOnlyForDeploymentPostprocessing = 0;
		};
		37B77A533031B1C1002E2BAD /* Resources */ = {
			isa = PBXResourcesBuildPhase;
			buildActionMask = 2147483647;
			files = (
				A10000000000000000000002 /* Swift Learn/Data/Content/swift-6.4-beta-foundations.json in Resources */,
			);
			runOnlyForDeploymentPostprocessing = 0;
		};
		9F0DF034EBB98D62F57D09D4 /* Resources */ = {
			isa = PBXResourcesBuildPhase;
			buildActionMask = 2147483647;
			files = (
			);
			runOnlyForDeploymentPostprocessing = 0;
		};
		B10000000000000000000017 /* Resources */ = {
			isa = PBXResourcesBuildPhase;
			buildActionMask = 2147483647;
			files = (
			);
			runOnlyForDeploymentPostprocessing = 0;
		};
		B10000000000000000000018 /* Resources */ = {
			isa = PBXResourcesBuildPhase;
			buildActionMask = 2147483647;
			files = (
			);
			runOnlyForDeploymentPostprocessing = 0;
		};
		B10000000000000000000024 /* Resources */ = {
			isa = PBXResourcesBuildPhase;
			buildActionMask = 2147483647;
			files = (
			);
			runOnlyForDeploymentPostprocessing = 0;
		};
/* End PBXResourcesBuildPhase section */

/* Begin PBXSourcesBuildPhase section */
		37B77A383031B1C0002E2BAD /* Sources */ = {
			isa = PBXSourcesBuildPhase;
			buildActionMask = 2147483647;
			files = (
			);
			runOnlyForDeploymentPostprocessing = 0;
		};
		37B77A473031B1C1002E2BAD /* Sources */ = {
			isa = PBXSourcesBuildPhase;
			buildActionMask = 2147483647;
			files = (
			);
			runOnlyForDeploymentPostprocessing = 0;
		};
		37B77A513031B1C1002E2BAD /* Sources */ = {
			isa = PBXSourcesBuildPhase;
			buildActionMask = 2147483647;
			files = (
			);
			runOnlyForDeploymentPostprocessing = 0;
		};
		B10000000000000000000014 /* Sources */ = {
			isa = PBXSourcesBuildPhase;
			buildActionMask = 2147483647;
			files = (
			);
			runOnlyForDeploymentPostprocessing = 0;
		};
		B10000000000000000000016 /* Sources */ = {
			isa = PBXSourcesBuildPhase;
			buildActionMask = 2147483647;
			files = (
			);
			runOnlyForDeploymentPostprocessing = 0;
		};
		B10000000000000000000023 /* Sources */ = {
			isa = PBXSourcesBuildPhase;
			buildActionMask = 2147483647;
			files = (
			);
			runOnlyForDeploymentPostprocessing = 0;
		};
		CE6B8810A0B2FAA648EEF3E3 /* Sources */ = {
			isa = PBXSourcesBuildPhase;
			buildActionMask = 2147483647;
			files = (
				61C4C13D38CAB5436812AFAB /* SwiftLearnWatchWidgets.swift in Sources */,
				2F3C82ACB19B221FE21E44D2 /* WatchWidgetPresentation.swift in Sources */,
				98694FC5D5CE40EF91476AB6 /* SharedWatchSnapshotStore.swift in Sources */,
				91EE35661D532A5ADF6CC361 /* WatchLearningSnapshot.swift in Sources */,
				F517DE12A085CF68E3F0AF80 /* WatchLearningSnapshotWireFormat.swift in Sources */,
			);
			runOnlyForDeploymentPostprocessing = 0;
		};
/* End PBXSourcesBuildPhase section */

/* Begin PBXTargetDependency section */
		37B77A4D3031B1C1002E2BAD /* PBXTargetDependency */ = {
			isa = PBXTargetDependency;
			target = 37B77A3B3031B1C0002E2BAD /* Swift Learn */;
			targetProxy = 37B77A4C3031B1C1002E2BAD /* PBXContainerItemProxy */;
		};
		37B77A573031B1C1002E2BAD /* PBXTargetDependency */ = {
			isa = PBXTargetDependency;
			target = 37B77A3B3031B1C0002E2BAD /* Swift Learn */;
			targetProxy = 37B77A563031B1C1002E2BAD /* PBXContainerItemProxy */;
		};
		A6B84DC3181F25BC169C2540 /* PBXTargetDependency */ = {
			isa = PBXTargetDependency;
			name = "Swift Learn Watch Widgets";
			target = 5A0D2EBC2F400CF8B605EB2C /* Swift Learn Watch Widgets */;
			targetProxy = F6DF6B124D4E2BE94FAF1047 /* PBXContainerItemProxy */;
		};
		B10000000000000000000034 /* PBXTargetDependency */ = {
			isa = PBXTargetDependency;
			platformFilter = ios;
			target = B10000000000000000000010 /* Swift Learn Watch App */;
			targetProxy = B10000000000000000000031 /* PBXContainerItemProxy */;
		};
		B10000000000000000000035 /* PBXTargetDependency */ = {
			isa = PBXTargetDependency;
			target = B10000000000000000000010 /* Swift Learn Watch App */;
			targetProxy = B10000000000000000000032 /* PBXContainerItemProxy */;
		};
		B10000000000000000000036 /* PBXTargetDependency */ = {
			isa = PBXTargetDependency;
			target = B10000000000000000000010 /* Swift Learn Watch App */;
			targetProxy = B10000000000000000000033 /* PBXContainerItemProxy */;
		};
/* End PBXTargetDependency section */

/* Begin XCBuildConfiguration section */
		27A5D6239C0A418EC801B24F /* Debug */ = {
			isa = XCBuildConfiguration;
			buildSettings = {
				CODE_SIGN_ENTITLEMENTS = "Swift Learn Watch Widgets/SwiftLearnWatchWidgets.entitlements";
				CODE_SIGN_STYLE = Automatic;
				CURRENT_PROJECT_VERSION = 1;
				DEVELOPMENT_TEAM = JM53MT2MHN;
				ENABLE_PREVIEWS = YES;
				GENERATE_INFOPLIST_FILE = YES;
				INFOPLIST_FILE = "Swift Learn Watch Widgets/Info.plist";
				INFOPLIST_KEY_CFBundleDisplayName = "Swift Learn";
				INFOPLIST_KEY_NSHumanReadableCopyright = "";
				LD_RUNPATH_SEARCH_PATHS = (
					"$(inherited)",
					"@executable_path/Frameworks",
					"@executable_path/../../Frameworks",
				);
				MARKETING_VERSION = 1.0;
				PRODUCT_BUNDLE_IDENTIFIER = "com.ata.Swift-Learn.watchkitapp.widgets";
				PRODUCT_NAME = "$(TARGET_NAME)";
				SDKROOT = watchos;
				SKIP_INSTALL = YES;
				SUPPORTED_PLATFORMS = "watchos watchsimulator";
				SWIFT_APPROACHABLE_CONCURRENCY = YES;
				SWIFT_DEFAULT_ACTOR_ISOLATION = MainActor;
				SWIFT_UPCOMING_FEATURE_MEMBER_IMPORT_VISIBILITY = YES;
				SWIFT_VERSION = 6.0;
				TARGETED_DEVICE_FAMILY = 4;
				WATCHOS_DEPLOYMENT_TARGET = 26.0;
			};
			name = Debug;
		};
		37B77A5D3031B1C1002E2BAD /* Debug */ = {
			isa = XCBuildConfiguration;
			buildSettings = {
				ALWAYS_SEARCH_USER_PATHS = NO;
				ASSETCATALOG_COMPILER_GENERATE_SWIFT_ASSET_SYMBOL_EXTENSIONS = YES;
				CLANG_ANALYZER_NONNULL = YES;
				CLANG_ANALYZER_NUMBER_OBJECT_CONVERSION = YES_AGGRESSIVE;
				CLANG_CXX_LANGUAGE_STANDARD = "gnu++20";
				CLANG_ENABLE_MODULES = YES;
				CLANG_ENABLE_OBJC_ARC = YES;
				CLANG_ENABLE_OBJC_WEAK = YES;
				CLANG_WARN_BLOCK_CAPTURE_AUTORELEASING = YES;
				CLANG_WARN_BOOL_CONVERSION = YES;
				CLANG_WARN_COMMA = YES;
				CLANG_WARN_CONSTANT_CONVERSION = YES;
				CLANG_WARN_DEPRECATED_OBJC_IMPLEMENTATIONS = YES;
				CLANG_WARN_DIRECT_OBJC_ISA_USAGE = YES_ERROR;
				CLANG_WARN_DOCUMENTATION_COMMENTS = YES;
				CLANG_WARN_EMPTY_BODY = YES;
				CLANG_WARN_ENUM_CONVERSION = YES;
				CLANG_WARN_INFINITE_RECURSION = YES;
				CLANG_WARN_INT_CONVERSION = YES;
				CLANG_WARN_NON_LITERAL_NULL_CONVERSION = YES;
				CLANG_WARN_OBJC_IMPLICIT_RETAIN_SELF = YES;
				CLANG_WARN_OBJC_LITERAL_CONVERSION = YES;
				CLANG_WARN_OBJC_ROOT_CLASS = YES_ERROR;
				CLANG_WARN_QUOTED_INCLUDE_IN_FRAMEWORK_HEADER = YES;
				CLANG_WARN_RANGE_LOOP_ANALYSIS = YES;
				CLANG_WARN_STRICT_PROTOTYPES = YES;
				CLANG_WARN_SUSPICIOUS_MOVE = YES;
				CLANG_WARN_UNGUARDED_AVAILABILITY = YES_AGGRESSIVE;
				CLANG_WARN_UNREACHABLE_CODE = YES;
				CLANG_WARN__DUPLICATE_METHOD_MATCH = YES;
				COPY_PHASE_STRIP = NO;
				DEBUG_INFORMATION_FORMAT = dwarf;
				DEVELOPMENT_TEAM = JM53MT2MHN;
				ENABLE_STRICT_OBJC_MSGSEND = YES;
				ENABLE_TESTABILITY = YES;
				ENABLE_USER_SCRIPT_SANDBOXING = YES;
				GCC_C_LANGUAGE_STANDARD = gnu17;
				GCC_DYNAMIC_NO_PIC = NO;
				GCC_NO_COMMON_BLOCKS = YES;
				GCC_OPTIMIZATION_LEVEL = 0;
				GCC_PREPROCESSOR_DEFINITIONS = (
					"DEBUG=1",
					"$(inherited)",
				);
				GCC_WARN_64_TO_32_BIT_CONVERSION = YES;
				GCC_WARN_ABOUT_RETURN_TYPE = YES_ERROR;
				GCC_WARN_UNDECLARED_SELECTOR = YES;
				GCC_WARN_UNINITIALIZED_AUTOS = YES_AGGRESSIVE;
				GCC_WARN_UNUSED_FUNCTION = YES;
				GCC_WARN_UNUSED_VARIABLE = YES;
				LOCALIZATION_PREFERS_STRING_CATALOGS = YES;
				MTL_ENABLE_DEBUG_INFO = INCLUDE_SOURCE;
				MTL_FAST_MATH = YES;
				ONLY_ACTIVE_ARCH = YES;
				SWIFT_ACTIVE_COMPILATION_CONDITIONS = "DEBUG $(inherited)";
				SWIFT_OPTIMIZATION_LEVEL = "-Onone";
			};
			name = Debug;
		};
		37B77A5E3031B1C1002E2BAD /* Release */ = {
			isa = XCBuildConfiguration;
			buildSettings = {
				ALWAYS_SEARCH_USER_PATHS = NO;
				ASSETCATALOG_COMPILER_GENERATE_SWIFT_ASSET_SYMBOL_EXTENSIONS = YES;
				CLANG_ANALYZER_NONNULL = YES;
				CLANG_ANALYZER_NUMBER_OBJECT_CONVERSION = YES_AGGRESSIVE;
				CLANG_CXX_LANGUAGE_STANDARD = "gnu++20";
				CLANG_ENABLE_MODULES = YES;
				CLANG_ENABLE_OBJC_ARC = YES;
				CLANG_ENABLE_OBJC_WEAK = YES;
				CLANG_WARN_BLOCK_CAPTURE_AUTORELEASING = YES;
				CLANG_WARN_BOOL_CONVERSION = YES;
				CLANG_WARN_COMMA = YES;
				CLANG_WARN_CONSTANT_CONVERSION = YES;
				CLANG_WARN_DEPRECATED_OBJC_IMPLEMENTATIONS = YES;
				CLANG_WARN_DIRECT_OBJC_ISA_USAGE = YES_ERROR;
				CLANG_WARN_DOCUMENTATION_COMMENTS = YES;
				CLANG_WARN_EMPTY_BODY = YES;
				CLANG_WARN_ENUM_CONVERSION = YES;
				CLANG_WARN_INFINITE_RECURSION = YES;
				CLANG_WARN_INT_CONVERSION = YES;
				CLANG_WARN_NON_LITERAL_NULL_CONVERSION = YES;
				CLANG_WARN_OBJC_IMPLICIT_RETAIN_SELF = YES;
				CLANG_WARN_OBJC_LITERAL_CONVERSION = YES;
				CLANG_WARN_OBJC_ROOT_CLASS = YES_ERROR;
				CLANG_WARN_QUOTED_INCLUDE_IN_FRAMEWORK_HEADER = YES;
				CLANG_WARN_RANGE_LOOP_ANALYSIS = YES;
				CLANG_WARN_STRICT_PROTOTYPES = YES;
				CLANG_WARN_SUSPICIOUS_MOVE = YES;
				CLANG_WARN_UNGUARDED_AVAILABILITY = YES_AGGRESSIVE;
				CLANG_WARN_UNREACHABLE_CODE = YES;
				CLANG_WARN__DUPLICATE_METHOD_MATCH = YES;
				COPY_PHASE_STRIP = NO;
				DEBUG_INFORMATION_FORMAT = "dwarf-with-dsym";
				DEVELOPMENT_TEAM = JM53MT2MHN;
				ENABLE_NS_ASSERTIONS = NO;
				ENABLE_STRICT_OBJC_MSGSEND = YES;
				ENABLE_USER_SCRIPT_SANDBOXING = YES;
				GCC_C_LANGUAGE_STANDARD = gnu17;
				GCC_NO_COMMON_BLOCKS = YES;
				GCC_WARN_64_TO_32_BIT_CONVERSION = YES;
				GCC_WARN_ABOUT_RETURN_TYPE = YES_ERROR;
				GCC_WARN_UNDECLARED_SELECTOR = YES;
				GCC_WARN_UNINITIALIZED_AUTOS = YES_AGGRESSIVE;
				GCC_WARN_UNUSED_FUNCTION = YES;
				GCC_WARN_UNUSED_VARIABLE = YES;
				LOCALIZATION_PREFERS_STRING_CATALOGS = YES;
				MTL_ENABLE_DEBUG_INFO = NO;
				MTL_FAST_MATH = YES;
				SWIFT_COMPILATION_MODE = wholemodule;
			};
			name = Release;
		};
		37B77A603031B1C1002E2BAD /* Debug */ = {
			isa = XCBuildConfiguration;
			buildSettings = {
				ASSETCATALOG_COMPILER_APPICON_NAME = AppIcon;
				ASSETCATALOG_COMPILER_GLOBAL_ACCENT_COLOR_NAME = AccentColor;
				CODE_SIGN_STYLE = Automatic;
				CURRENT_PROJECT_VERSION = 1;
				DEVELOPMENT_TEAM = JM53MT2MHN;
				ENABLE_APP_SANDBOX = YES;
				ENABLE_HARDENED_RUNTIME = YES;
				ENABLE_PREVIEWS = YES;
				ENABLE_USER_SELECTED_FILES = readonly;
				GENERATE_INFOPLIST_FILE = YES;
				"INFOPLIST_KEY_UIApplicationSceneManifest_Generation[sdk=iphoneos*]" = YES;
				"INFOPLIST_KEY_UIApplicationSceneManifest_Generation[sdk=iphonesimulator*]" = YES;
				"INFOPLIST_KEY_UIApplicationSupportsIndirectInputEvents[sdk=iphoneos*]" = YES;
				"INFOPLIST_KEY_UIApplicationSupportsIndirectInputEvents[sdk=iphonesimulator*]" = YES;
				"INFOPLIST_KEY_UILaunchStoryboardName[sdk=iphoneos*]" = LaunchScreen;
				"INFOPLIST_KEY_UILaunchStoryboardName[sdk=iphonesimulator*]" = LaunchScreen;
				"INFOPLIST_KEY_UIStatusBarStyle[sdk=iphoneos*]" = UIStatusBarStyleDefault;
				"INFOPLIST_KEY_UIStatusBarStyle[sdk=iphonesimulator*]" = UIStatusBarStyleDefault;
				INFOPLIST_KEY_UISupportedInterfaceOrientations_iPad = "UIInterfaceOrientationPortrait UIInterfaceOrientationPortraitUpsideDown UIInterfaceOrientationLandscapeLeft UIInterfaceOrientationLandscapeRight";
				INFOPLIST_KEY_UISupportedInterfaceOrientations_iPhone = "UIInterfaceOrientationPortrait UIInterfaceOrientationLandscapeLeft UIInterfaceOrientationLandscapeRight";
				IPHONEOS_DEPLOYMENT_TARGET = 26.0;
				LD_RUNPATH_SEARCH_PATHS = "@executable_path/Frameworks";
				"LD_RUNPATH_SEARCH_PATHS[sdk=macosx*]" = "@executable_path/../Frameworks";
				MACOSX_DEPLOYMENT_TARGET = 26.0;
				MARKETING_VERSION = 1.0;
				PRODUCT_BUNDLE_IDENTIFIER = "com.ata.Swift-Learn";
				PRODUCT_NAME = "$(TARGET_NAME)";
				REGISTER_APP_GROUPS = YES;
				SDKROOT = auto;
				STRING_CATALOG_GENERATE_SYMBOLS = YES;
				SUPPORTED_PLATFORMS = "appletvos appletvsimulator iphoneos iphonesimulator macosx xros xrsimulator";
				SWIFT_APPROACHABLE_CONCURRENCY = YES;
				SWIFT_DEFAULT_ACTOR_ISOLATION = MainActor;
				SWIFT_EMIT_LOC_STRINGS = YES;
				SWIFT_UPCOMING_FEATURE_MEMBER_IMPORT_VISIBILITY = YES;
				SWIFT_VERSION = 6.0;
				TARGETED_DEVICE_FAMILY = "1,2,3,7";
				TVOS_DEPLOYMENT_TARGET = 26.0;
				XROS_DEPLOYMENT_TARGET = 26.0;
			};
			name = Debug;
		};
		37B77A613031B1C1002E2BAD /* Release */ = {
			isa = XCBuildConfiguration;
			buildSettings = {
				ASSETCATALOG_COMPILER_APPICON_NAME = AppIcon;
				ASSETCATALOG_COMPILER_GLOBAL_ACCENT_COLOR_NAME = AccentColor;
				CODE_SIGN_STYLE = Automatic;
				CURRENT_PROJECT_VERSION = 1;
				DEVELOPMENT_TEAM = JM53MT2MHN;
				ENABLE_APP_SANDBOX = YES;
				ENABLE_HARDENED_RUNTIME = YES;
				ENABLE_PREVIEWS = YES;
				ENABLE_USER_SELECTED_FILES = readonly;
				GENERATE_INFOPLIST_FILE = YES;
				"INFOPLIST_KEY_UIApplicationSceneManifest_Generation[sdk=iphoneos*]" = YES;
				"INFOPLIST_KEY_UIApplicationSceneManifest_Generation[sdk=iphonesimulator*]" = YES;
				"INFOPLIST_KEY_UIApplicationSupportsIndirectInputEvents[sdk=iphoneos*]" = YES;
				"INFOPLIST_KEY_UIApplicationSupportsIndirectInputEvents[sdk=iphonesimulator*]" = YES;
				"INFOPLIST_KEY_UILaunchStoryboardName[sdk=iphoneos*]" = LaunchScreen;
				"INFOPLIST_KEY_UILaunchStoryboardName[sdk=iphonesimulator*]" = LaunchScreen;
				"INFOPLIST_KEY_UIStatusBarStyle[sdk=iphoneos*]" = UIStatusBarStyleDefault;
				"INFOPLIST_KEY_UIStatusBarStyle[sdk=iphonesimulator*]" = UIStatusBarStyleDefault;
				INFOPLIST_KEY_UISupportedInterfaceOrientations_iPad = "UIInterfaceOrientationPortrait UIInterfaceOrientationPortraitUpsideDown UIInterfaceOrientationLandscapeLeft UIInterfaceOrientationLandscapeRight";
				INFOPLIST_KEY_UISupportedInterfaceOrientations_iPhone = "UIInterfaceOrientationPortrait UIInterfaceOrientationLandscapeLeft UIInterfaceOrientationLandscapeRight";
				IPHONEOS_DEPLOYMENT_TARGET = 26.0;
				LD_RUNPATH_SEARCH_PATHS = "@executable_path/Frameworks";
				"LD_RUNPATH_SEARCH_PATHS[sdk=macosx*]" = "@executable_path/../Frameworks";
				MACOSX_DEPLOYMENT_TARGET = 26.0;
				MARKETING_VERSION = 1.0;
				PRODUCT_BUNDLE_IDENTIFIER = "com.ata.Swift-Learn";
				PRODUCT_NAME = "$(TARGET_NAME)";
				REGISTER_APP_GROUPS = YES;
				SDKROOT = auto;
				STRING_CATALOG_GENERATE_SYMBOLS = YES;
				SUPPORTED_PLATFORMS = "appletvos appletvsimulator iphoneos iphonesimulator macosx xros xrsimulator";
				SWIFT_APPROACHABLE_CONCURRENCY = YES;
				SWIFT_DEFAULT_ACTOR_ISOLATION = MainActor;
				SWIFT_EMIT_LOC_STRINGS = YES;
				SWIFT_UPCOMING_FEATURE_MEMBER_IMPORT_VISIBILITY = YES;
				SWIFT_VERSION = 6.0;
				TARGETED_DEVICE_FAMILY = "1,2,3,7";
				TVOS_DEPLOYMENT_TARGET = 26.0;
				XROS_DEPLOYMENT_TARGET = 26.0;
			};
			name = Release;
		};
		37B77A633031B1C1002E2BAD /* Debug */ = {
			isa = XCBuildConfiguration;
			buildSettings = {
				BUNDLE_LOADER = "$(TEST_HOST)";
				CODE_SIGN_STYLE = Automatic;
				CURRENT_PROJECT_VERSION = 1;
				DEVELOPMENT_TEAM = JM53MT2MHN;
				GENERATE_INFOPLIST_FILE = YES;
				IPHONEOS_DEPLOYMENT_TARGET = 26.0;
				MACOSX_DEPLOYMENT_TARGET = 26.0;
				MARKETING_VERSION = 1.0;
				PRODUCT_BUNDLE_IDENTIFIER = "com.ata.Swift-LearnTests";
				PRODUCT_NAME = "$(TARGET_NAME)";
				SDKROOT = auto;
				STRING_CATALOG_GENERATE_SYMBOLS = NO;
				SUPPORTED_PLATFORMS = "appletvos appletvsimulator iphoneos iphonesimulator macosx xros xrsimulator";
				SWIFT_APPROACHABLE_CONCURRENCY = YES;
				SWIFT_EMIT_LOC_STRINGS = NO;
				SWIFT_UPCOMING_FEATURE_MEMBER_IMPORT_VISIBILITY = YES;
				SWIFT_VERSION = 6.0;
				TARGETED_DEVICE_FAMILY = "1,2,3,7";
				TEST_HOST = "$(BUILT_PRODUCTS_DIR)/Swift Learn.app/$(BUNDLE_EXECUTABLE_FOLDER_PATH)/Swift Learn";
				TVOS_DEPLOYMENT_TARGET = 26.0;
				XROS_DEPLOYMENT_TARGET = 26.0;
			};
			name = Debug;
		};
		37B77A643031B1C1002E2BAD /* Release */ = {
			isa = XCBuildConfiguration;
			buildSettings = {
				BUNDLE_LOADER = "$(TEST_HOST)";
				CODE_SIGN_STYLE = Automatic;
				CURRENT_PROJECT_VERSION = 1;
				DEVELOPMENT_TEAM = JM53MT2MHN;
				GENERATE_INFOPLIST_FILE = YES;
				IPHONEOS_DEPLOYMENT_TARGET = 26.0;
				MACOSX_DEPLOYMENT_TARGET = 26.0;
				MARKETING_VERSION = 1.0;
				PRODUCT_BUNDLE_IDENTIFIER = "com.ata.Swift-LearnTests";
				PRODUCT_NAME = "$(TARGET_NAME)";
				SDKROOT = auto;
				STRING_CATALOG_GENERATE_SYMBOLS = NO;
				SUPPORTED_PLATFORMS = "appletvos appletvsimulator iphoneos iphonesimulator macosx xros xrsimulator";
				SWIFT_APPROACHABLE_CONCURRENCY = YES;
				SWIFT_EMIT_LOC_STRINGS = NO;
				SWIFT_UPCOMING_FEATURE_MEMBER_IMPORT_VISIBILITY = YES;
				SWIFT_VERSION = 6.0;
				TARGETED_DEVICE_FAMILY = "1,2,3,7";
				TEST_HOST = "$(BUILT_PRODUCTS_DIR)/Swift Learn.app/$(BUNDLE_EXECUTABLE_FOLDER_PATH)/Swift Learn";
				TVOS_DEPLOYMENT_TARGET = 26.0;
				XROS_DEPLOYMENT_TARGET = 26.0;
			};
			name = Release;
		};
		37B77A663031B1C1002E2BAD /* Debug */ = {
			isa = XCBuildConfiguration;
			buildSettings = {
				CODE_SIGN_STYLE = Automatic;
				CURRENT_PROJECT_VERSION = 1;
				DEVELOPMENT_TEAM = JM53MT2MHN;
				GENERATE_INFOPLIST_FILE = YES;
				IPHONEOS_DEPLOYMENT_TARGET = 26.0;
				MACOSX_DEPLOYMENT_TARGET = 26.0;
				MARKETING_VERSION = 1.0;
				PRODUCT_BUNDLE_IDENTIFIER = "com.ata.Swift-LearnUITests";
				PRODUCT_NAME = "$(TARGET_NAME)";
				SDKROOT = auto;
				STRING_CATALOG_GENERATE_SYMBOLS = NO;
				SUPPORTED_PLATFORMS = "appletvos appletvsimulator iphoneos iphonesimulator macosx xros xrsimulator";
				SWIFT_APPROACHABLE_CONCURRENCY = YES;
				SWIFT_EMIT_LOC_STRINGS = NO;
				SWIFT_UPCOMING_FEATURE_MEMBER_IMPORT_VISIBILITY = YES;
				SWIFT_VERSION = 6.0;
				TARGETED_DEVICE_FAMILY = "1,2,3,7";
				TEST_TARGET_NAME = "Swift Learn";
				TVOS_DEPLOYMENT_TARGET = 26.0;
				XROS_DEPLOYMENT_TARGET = 26.0;
			};
			name = Debug;
		};
		37B77A673031B1C1002E2BAD /* Release */ = {
			isa = XCBuildConfiguration;
			buildSettings = {
				CODE_SIGN_STYLE = Automatic;
				CURRENT_PROJECT_VERSION = 1;
				DEVELOPMENT_TEAM = JM53MT2MHN;
				GENERATE_INFOPLIST_FILE = YES;
				IPHONEOS_DEPLOYMENT_TARGET = 26.0;
				MACOSX_DEPLOYMENT_TARGET = 26.0;
				MARKETING_VERSION = 1.0;
				PRODUCT_BUNDLE_IDENTIFIER = "com.ata.Swift-LearnUITests";
				PRODUCT_NAME = "$(TARGET_NAME)";
				SDKROOT = auto;
				STRING_CATALOG_GENERATE_SYMBOLS = NO;
				SUPPORTED_PLATFORMS = "appletvos appletvsimulator iphoneos iphonesimulator macosx xros xrsimulator";
				SWIFT_APPROACHABLE_CONCURRENCY = YES;
				SWIFT_EMIT_LOC_STRINGS = NO;
				SWIFT_UPCOMING_FEATURE_MEMBER_IMPORT_VISIBILITY = YES;
				SWIFT_VERSION = 6.0;
				TARGETED_DEVICE_FAMILY = "1,2,3,7";
				TEST_TARGET_NAME = "Swift Learn";
				TVOS_DEPLOYMENT_TARGET = 26.0;
				XROS_DEPLOYMENT_TARGET = 26.0;
			};
			name = Release;
		};
		A4906B5D74DFCBE39290AB99 /* Release */ = {
			isa = XCBuildConfiguration;
			buildSettings = {
				CODE_SIGN_ENTITLEMENTS = "Swift Learn Watch Widgets/SwiftLearnWatchWidgets.entitlements";
				CODE_SIGN_STYLE = Automatic;
				CURRENT_PROJECT_VERSION = 1;
				DEVELOPMENT_TEAM = JM53MT2MHN;
				ENABLE_PREVIEWS = YES;
				GENERATE_INFOPLIST_FILE = YES;
				INFOPLIST_FILE = "Swift Learn Watch Widgets/Info.plist";
				INFOPLIST_KEY_CFBundleDisplayName = "Swift Learn";
				INFOPLIST_KEY_NSHumanReadableCopyright = "";
				LD_RUNPATH_SEARCH_PATHS = (
					"$(inherited)",
					"@executable_path/Frameworks",
					"@executable_path/../../Frameworks",
				);
				MARKETING_VERSION = 1.0;
				PRODUCT_BUNDLE_IDENTIFIER = "com.ata.Swift-Learn.watchkitapp.widgets";
				PRODUCT_NAME = "$(TARGET_NAME)";
				SDKROOT = watchos;
				SKIP_INSTALL = YES;
				SUPPORTED_PLATFORMS = "watchos watchsimulator";
				SWIFT_APPROACHABLE_CONCURRENCY = YES;
				SWIFT_DEFAULT_ACTOR_ISOLATION = MainActor;
				SWIFT_UPCOMING_FEATURE_MEMBER_IMPORT_VISIBILITY = YES;
				SWIFT_VERSION = 6.0;
				TARGETED_DEVICE_FAMILY = 4;
				VALIDATE_PRODUCT = YES;
				WATCHOS_DEPLOYMENT_TARGET = 26.0;
			};
			name = Release;
		};
		B10000000000000000000040 /* Debug */ = {
			isa = XCBuildConfiguration;
			buildSettings = {
				ASSETCATALOG_COMPILER_APPICON_NAME = AppIcon;
				CODE_SIGN_ENTITLEMENTS = "Swift Learn Watch App/SwiftLearnWatchApp.entitlements";
				CODE_SIGN_STYLE = Automatic;
				CURRENT_PROJECT_VERSION = 1;
				DEVELOPMENT_TEAM = JM53MT2MHN;
				ENABLE_PREVIEWS = YES;
				GENERATE_INFOPLIST_FILE = YES;
				INFOPLIST_KEY_UISupportedInterfaceOrientations = "UIInterfaceOrientationPortrait UIInterfaceOrientationPortraitUpsideDown";
				INFOPLIST_KEY_WKCompanionAppBundleIdentifier = "com.ata.Swift-Learn";
				LD_RUNPATH_SEARCH_PATHS = (
					"$(inherited)",
					"@executable_path/Frameworks",
				);
				MARKETING_VERSION = 1.0;
				PRODUCT_BUNDLE_IDENTIFIER = "com.ata.Swift-Learn.watchkitapp";
				PRODUCT_NAME = "$(TARGET_NAME)";
				SDKROOT = watchos;
				SKIP_INSTALL = YES;
				STRING_CATALOG_GENERATE_SYMBOLS = YES;
				SUPPORTED_PLATFORMS = "watchos watchsimulator";
				SWIFT_APPROACHABLE_CONCURRENCY = YES;
				SWIFT_DEFAULT_ACTOR_ISOLATION = MainActor;
				SWIFT_EMIT_LOC_STRINGS = YES;
				SWIFT_UPCOMING_FEATURE_MEMBER_IMPORT_VISIBILITY = YES;
				SWIFT_VERSION = 6.0;
				TARGETED_DEVICE_FAMILY = 4;
				WATCHOS_DEPLOYMENT_TARGET = 26.0;
			};
			name = Debug;
		};
		B10000000000000000000041 /* Release */ = {
			isa = XCBuildConfiguration;
			buildSettings = {
				ASSETCATALOG_COMPILER_APPICON_NAME = AppIcon;
				CODE_SIGN_ENTITLEMENTS = "Swift Learn Watch App/SwiftLearnWatchApp.entitlements";
				CODE_SIGN_STYLE = Automatic;
				CURRENT_PROJECT_VERSION = 1;
				DEVELOPMENT_TEAM = JM53MT2MHN;
				ENABLE_PREVIEWS = YES;
				GENERATE_INFOPLIST_FILE = YES;
				INFOPLIST_KEY_UISupportedInterfaceOrientations = "UIInterfaceOrientationPortrait UIInterfaceOrientationPortraitUpsideDown";
				INFOPLIST_KEY_WKCompanionAppBundleIdentifier = "com.ata.Swift-Learn";
				LD_RUNPATH_SEARCH_PATHS = (
					"$(inherited)",
					"@executable_path/Frameworks",
				);
				MARKETING_VERSION = 1.0;
				PRODUCT_BUNDLE_IDENTIFIER = "com.ata.Swift-Learn.watchkitapp";
				PRODUCT_NAME = "$(TARGET_NAME)";
				SDKROOT = watchos;
				SKIP_INSTALL = YES;
				STRING_CATALOG_GENERATE_SYMBOLS = YES;
				SUPPORTED_PLATFORMS = "watchos watchsimulator";
				SWIFT_APPROACHABLE_CONCURRENCY = YES;
				SWIFT_DEFAULT_ACTOR_ISOLATION = MainActor;
				SWIFT_EMIT_LOC_STRINGS = YES;
				SWIFT_UPCOMING_FEATURE_MEMBER_IMPORT_VISIBILITY = YES;
				SWIFT_VERSION = 6.0;
				TARGETED_DEVICE_FAMILY = 4;
				WATCHOS_DEPLOYMENT_TARGET = 26.0;
			};
			name = Release;
		};
		B10000000000000000000042 /* Debug */ = {
			isa = XCBuildConfiguration;
			buildSettings = {
				BUNDLE_LOADER = "$(TEST_HOST)";
				CODE_SIGN_STYLE = Automatic;
				CURRENT_PROJECT_VERSION = 1;
				DEVELOPMENT_TEAM = JM53MT2MHN;
				GENERATE_INFOPLIST_FILE = YES;
				MARKETING_VERSION = 1.0;
				PRODUCT_BUNDLE_IDENTIFIER = "com.ata.Swift-Learn.watchkitappTests";
				PRODUCT_NAME = "$(TARGET_NAME)";
				SDKROOT = watchos;
				STRING_CATALOG_GENERATE_SYMBOLS = NO;
				SUPPORTED_PLATFORMS = "watchos watchsimulator";
				SWIFT_APPROACHABLE_CONCURRENCY = YES;
				SWIFT_EMIT_LOC_STRINGS = NO;
				SWIFT_UPCOMING_FEATURE_MEMBER_IMPORT_VISIBILITY = YES;
				SWIFT_VERSION = 6.0;
				TARGETED_DEVICE_FAMILY = 4;
				TEST_HOST = "$(BUILT_PRODUCTS_DIR)/Swift Learn Watch App.app/$(BUNDLE_EXECUTABLE_FOLDER_PATH)/Swift Learn Watch App";
				TEST_TARGET_NAME = "Swift Learn Watch App";
				WATCHOS_DEPLOYMENT_TARGET = 26.0;
			};
			name = Debug;
		};
		B10000000000000000000043 /* Release */ = {
			isa = XCBuildConfiguration;
			buildSettings = {
				BUNDLE_LOADER = "$(TEST_HOST)";
				CODE_SIGN_STYLE = Automatic;
				CURRENT_PROJECT_VERSION = 1;
				DEVELOPMENT_TEAM = JM53MT2MHN;
				GENERATE_INFOPLIST_FILE = YES;
				MARKETING_VERSION = 1.0;
				PRODUCT_BUNDLE_IDENTIFIER = "com.ata.Swift-Learn.watchkitappTests";
				PRODUCT_NAME = "$(TARGET_NAME)";
				SDKROOT = watchos;
				STRING_CATALOG_GENERATE_SYMBOLS = NO;
				SUPPORTED_PLATFORMS = "watchos watchsimulator";
				SWIFT_APPROACHABLE_CONCURRENCY = YES;
				SWIFT_EMIT_LOC_STRINGS = NO;
				SWIFT_UPCOMING_FEATURE_MEMBER_IMPORT_VISIBILITY = YES;
				SWIFT_VERSION = 6.0;
				TARGETED_DEVICE_FAMILY = 4;
				TEST_HOST = "$(BUILT_PRODUCTS_DIR)/Swift Learn Watch App.app/$(BUNDLE_EXECUTABLE_FOLDER_PATH)/Swift Learn Watch App";
				TEST_TARGET_NAME = "Swift Learn Watch App";
				WATCHOS_DEPLOYMENT_TARGET = 26.0;
			};
			name = Release;
		};
		B10000000000000000000044 /* Debug */ = {
			isa = XCBuildConfiguration;
			buildSettings = {
				CODE_SIGN_STYLE = Automatic;
				CURRENT_PROJECT_VERSION = 1;
				DEVELOPMENT_TEAM = JM53MT2MHN;
				GENERATE_INFOPLIST_FILE = YES;
				MARKETING_VERSION = 1.0;
				PRODUCT_BUNDLE_IDENTIFIER = "com.ata.Swift-Learn.watchkitappUITests";
				PRODUCT_NAME = "$(TARGET_NAME)";
				SDKROOT = watchos;
				STRING_CATALOG_GENERATE_SYMBOLS = NO;
				SUPPORTED_PLATFORMS = "watchos watchsimulator";
				SWIFT_APPROACHABLE_CONCURRENCY = YES;
				SWIFT_EMIT_LOC_STRINGS = NO;
				SWIFT_UPCOMING_FEATURE_MEMBER_IMPORT_VISIBILITY = YES;
				SWIFT_VERSION = 6.0;
				TARGETED_DEVICE_FAMILY = 4;
				TEST_TARGET_NAME = "Swift Learn Watch App";
				WATCHOS_DEPLOYMENT_TARGET = 26.0;
			};
			name = Debug;
		};
		B10000000000000000000045 /* Release */ = {
			isa = XCBuildConfiguration;
			buildSettings = {
				CODE_SIGN_STYLE = Automatic;
				CURRENT_PROJECT_VERSION = 1;
				DEVELOPMENT_TEAM = JM53MT2MHN;
				GENERATE_INFOPLIST_FILE = YES;
				MARKETING_VERSION = 1.0;
				PRODUCT_BUNDLE_IDENTIFIER = "com.ata.Swift-Learn.watchkitappUITests";
				PRODUCT_NAME = "$(TARGET_NAME)";
				SDKROOT = watchos;
				STRING_CATALOG_GENERATE_SYMBOLS = NO;
				SUPPORTED_PLATFORMS = "watchos watchsimulator";
				SWIFT_APPROACHABLE_CONCURRENCY = YES;
				SWIFT_EMIT_LOC_STRINGS = NO;
				SWIFT_UPCOMING_FEATURE_MEMBER_IMPORT_VISIBILITY = YES;
				SWIFT_VERSION = 6.0;
				TARGETED_DEVICE_FAMILY = 4;
				TEST_TARGET_NAME = "Swift Learn Watch App";
				WATCHOS_DEPLOYMENT_TARGET = 26.0;
			};
			name = Release;
		};
/* End XCBuildConfiguration section */

/* Begin XCConfigurationList section */
		37B77A373031B1C0002E2BAD /* Build configuration list for PBXProject "Swift Learn" */ = {
			isa = XCConfigurationList;
			buildConfigurations = (
				37B77A5D3031B1C1002E2BAD /* Debug */,
				37B77A5E3031B1C1002E2BAD /* Release */,
			);
			defaultConfigurationIsVisible = 0;
			defaultConfigurationName = Release;
		};
		37B77A5F3031B1C1002E2BAD /* Build configuration list for PBXNativeTarget "Swift Learn" */ = {
			isa = XCConfigurationList;
			buildConfigurations = (
				37B77A603031B1C1002E2BAD /* Debug */,
				37B77A613031B1C1002E2BAD /* Release */,
			);
			defaultConfigurationIsVisible = 0;
			defaultConfigurationName = Release;
		};
		37B77A623031B1C1002E2BAD /* Build configuration list for PBXNativeTarget "Swift LearnTests" */ = {
			isa = XCConfigurationList;
			buildConfigurations = (
				37B77A633031B1C1002E2BAD /* Debug */,
				37B77A643031B1C1002E2BAD /* Release */,
			);
			defaultConfigurationIsVisible = 0;
			defaultConfigurationName = Release;
		};
		37B77A653031B1C1002E2BAD /* Build configuration list for PBXNativeTarget "Swift LearnUITests" */ = {
			isa = XCConfigurationList;
			buildConfigurations = (
				37B77A663031B1C1002E2BAD /* Debug */,
				37B77A673031B1C1002E2BAD /* Release */,
			);
			defaultConfigurationIsVisible = 0;
			defaultConfigurationName = Release;
		};
		B10000000000000000000020 /* Build configuration list for PBXNativeTarget "Swift Learn Watch App" */ = {
			isa = XCConfigurationList;
			buildConfigurations = (
				B10000000000000000000040 /* Debug */,
				B10000000000000000000041 /* Release */,
			);
			defaultConfigurationIsVisible = 0;
			defaultConfigurationName = Release;
		};
		B10000000000000000000021 /* Build configuration list for PBXNativeTarget "Swift Learn Watch AppTests" */ = {
			isa = XCConfigurationList;
			buildConfigurations = (
				B10000000000000000000042 /* Debug */,
				B10000000000000000000043 /* Release */,
			);
			defaultConfigurationIsVisible = 0;
			defaultConfigurationName = Release;
		};
		B10000000000000000000022 /* Build configuration list for PBXNativeTarget "Swift Learn Watch AppUITests" */ = {
			isa = XCConfigurationList;
			buildConfigurations = (
				B10000000000000000000044 /* Debug */,
				B10000000000000000000045 /* Release */,
			);
			defaultConfigurationIsVisible = 0;
			defaultConfigurationName = Release;
		};
		D55283894F60D8C100FB6882 /* Build configuration list for PBXNativeTarget "Swift Learn Watch Widgets" */ = {
			isa = XCConfigurationList;
			buildConfigurations = (
				A4906B5D74DFCBE39290AB99 /* Release */,
				27A5D6239C0A418EC801B24F /* Debug */,
			);
			defaultConfigurationIsVisible = 0;
			defaultConfigurationName = Release;
		};
/* End XCConfigurationList section */
	};
	rootObject = 37B77A343031B1C0002E2BAD /* Project object */;
}
